// !$*UTF8*$!
{
	archiveVersion = 1;
	classes = {
	};
	objectVersion = 50;
	objects = {

/* Begin PBXBuildFile section */
		A51438822C0393B5AFFFAB6F /* Pods_FilmRoulette.framework in Frameworks */ = {isa = PBXBuildFile; fileRef = BF60996534AFAFD33FF18BAA /* Pods_FilmRoulette.framework */; };
		C407DF8020F39C7700213A37 /* AppDelegate.swift in Sources */ = {isa = PBXBuildFile; fileRef = C407DF7F20F39C7700213A37 /* AppDelegate.swift */; };
		C407DF8220F39C7700213A37 /* SpinVC.swift in Sources */ = {isa = PBXBuildFile; fileRef = C407DF8120F39C7700213A37 /* SpinVC.swift */; };
		C407DF8520F39C7700213A37 /* Main.storyboard in Resources */ = {isa = PBXBuildFile; fileRef = C407DF8320F39C7700213A37 /* Main.storyboard */; };
		C407DF8720F39C7800213A37 /* Assets.xcassets in Resources */ = {isa = PBXBuildFile; fileRef = C407DF8620F39C7800213A37 /* Assets.xcassets */; };
		C407DF8A20F39C7800213A37 /* LaunchScreen.storyboard in Resources */ = {isa = PBXBuildFile; fileRef = C407DF8820F39C7800213A37 /* LaunchScreen.storyboard */; };
		C409D621224CEB9E002138F0 /* GroupCell.swift in Sources */ = {isa = PBXBuildFile; fileRef = C409D61F224CEB9E002138F0 /* GroupCell.swift */; };
		C409D622224CEB9E002138F0 /* GroupCell.xib in Resources */ = {isa = PBXBuildFile; fileRef = C409D620224CEB9E002138F0 /* GroupCell.xib */; };
		C412B048223BFE4000E363E3 /* SelectorIcons.swift in Sources */ = {isa = PBXBuildFile; fileRef = C412B047223BFE4000E363E3 /* SelectorIcons.swift */; };
		C412B04A223C044400E363E3 /* Images.swift in Sources */ = {isa = PBXBuildFile; fileRef = C412B049223C044400E363E3 /* Images.swift */; };
		C41FF91722477CE300EE1A3C /* ModalVC.swift in Sources */ = {isa = PBXBuildFile; fileRef = C41FF91622477CE300EE1A3C /* ModalVC.swift */; };
		C44C34912223229000E654AC /* Spinner.swift in Sources */ = {isa = PBXBuildFile; fileRef = C44C34902223229000E654AC /* Spinner.swift */; };
		C450C9D3210473E900FDE9EB /* Group.swift in Sources */ = {isa = PBXBuildFile; fileRef = C450C9D2210473E900FDE9EB /* Group.swift */; };
		C450C9D521047E8400FDE9EB /* GroupVC.swift in Sources */ = {isa = PBXBuildFile; fileRef = C450C9D421047E8400FDE9EB /* GroupVC.swift */; };
		C450C9D921047F8600FDE9EB /* TableVC.swift in Sources */ = {isa = PBXBuildFile; fileRef = C450C9D821047F8600FDE9EB /* TableVC.swift */; };
		C4595A6D20F3AF0500446C4B /* NavContainer.swift in Sources */ = {isa = PBXBuildFile; fileRef = C4595A6C20F3AF0500446C4B /* NavContainer.swift */; };
		C4595A6F20F3AF0A00446C4B /* NavSubview.swift in Sources */ = {isa = PBXBuildFile; fileRef = C4595A6E20F3AF0A00446C4B /* NavSubview.swift */; };
		C482938A20FE256E00E7BECF /* MovieListVC.swift in Sources */ = {isa = PBXBuildFile; fileRef = C482938920FE256E00E7BECF /* MovieListVC.swift */; };
		C4971D7920F3B42600F30BAF /* Movie.swift in Sources */ = {isa = PBXBuildFile; fileRef = C4971D7820F3B41700F30BAF /* Movie.swift */; };
		C4971D7A20F3B42900F30BAF /* DataManager.swift in Sources */ = {isa = PBXBuildFile; fileRef = C4971D7720F3B41700F30BAF /* DataManager.swift */; };
		C4971D8020F3B4A800F30BAF /* Prefs.swift in Sources */ = {isa = PBXBuildFile; fileRef = C4971D7F20F3B48700F30BAF /* Prefs.swift */; };
		C4971D8120F3B4AC00F30BAF /* Enums.swift in Sources */ = {isa = PBXBuildFile; fileRef = C4971D7C20F3B48700F30BAF /* Enums.swift */; };
		C4971D8220F3B4AC00F30BAF /* Extensions.swift in Sources */ = {isa = PBXBuildFile; fileRef = C4971D7D20F3B48700F30BAF /* Extensions.swift */; };
		C4971D8320F3B4AC00F30BAF /* Global Variables.swift in Sources */ = {isa = PBXBuildFile; fileRef = C4971D7E20F3B48700F30BAF /* Global Variables.swift */; };
		C4990AF022392CDD00950165 /* SingleMovieVC.swift in Sources */ = {isa = PBXBuildFile; fileRef = C4990AEE22392CDC00950165 /* SingleMovieVC.swift */; };
		C4990AF122392CDD00950165 /* SearchVC.swift in Sources */ = {isa = PBXBuildFile; fileRef = C4990AEF22392CDD00950165 /* SearchVC.swift */; };
		C49D56AB2102257A00CAADF2 /* BasicSF.swift in Sources */ = {isa = PBXBuildFile; fileRef = C49D56AA2102257A00CAADF2 /* BasicSF.swift */; };
		C4AC67F520F7AE6500F91621 /* Genre.swift in Sources */ = {isa = PBXBuildFile; fileRef = C4AC67F420F7AE6400F91621 /* Genre.swift */; };
		C4BC7F38223E972300971570 /* SpinFilterContainer.swift in Sources */ = {isa = PBXBuildFile; fileRef = C4BC7F37223E972300971570 /* SpinFilterContainer.swift */; };
		C4BC7F3A223E974D00971570 /* SpinFilterSubview.swift in Sources */ = {isa = PBXBuildFile; fileRef = C4BC7F39223E974D00971570 /* SpinFilterSubview.swift */; };
		C4BC7F3D223E97E900971570 /* AdvancedSF.swift in Sources */ = {isa = PBXBuildFile; fileRef = C4BC7F3C223E97E900971570 /* AdvancedSF.swift */; };
		C4BC7F3F223FAF6B00971570 /* Filter.swift in Sources */ = {isa = PBXBuildFile; fileRef = C4BC7F3E223FAF6B00971570 /* Filter.swift */; };
		C4BC7F41224004E700971570 /* FilterCandidateCell.swift in Sources */ = {isa = PBXBuildFile; fileRef = C4BC7F40224004E700971570 /* FilterCandidateCell.swift */; };
		C4C05EED22489A4800DAEA5E /* DropboxManager.swift in Sources */ = {isa = PBXBuildFile; fileRef = C4C05EEC22489A4800DAEA5E /* DropboxManager.swift */; };
		C4C05EF02248C18D00DAEA5E /* JSONHandler.swift in Sources */ = {isa = PBXBuildFile; fileRef = C4C05EEF2248C18D00DAEA5E /* JSONHandler.swift */; };
		C4DB46E920F4E9D0009EC359 /* Tag.swift in Sources */ = {isa = PBXBuildFile; fileRef = C4DB46E820F4E9D0009EC359 /* Tag.swift */; };
		C4E438C220FB6482007C5D68 /* PosterCell.swift in Sources */ = {isa = PBXBuildFile; fileRef = C4E438C120FB6482007C5D68 /* PosterCell.swift */; };
		C4F1629C223948FC002C7D93 /* QueryManager.swift in Sources */ = {isa = PBXBuildFile; fileRef = C4F1628C22394895002C7D93 /* QueryManager.swift */; };
		C4F1629E223948FC002C7D93 /* PosterQuery.swift in Sources */ = {isa = PBXBuildFile; fileRef = C4F1628E22394895002C7D93 /* PosterQuery.swift */; };
		C4F1629F223948FC002C7D93 /* SearchQuery.swift in Sources */ = {isa = PBXBuildFile; fileRef = C4F1628F22394895002C7D93 /* SearchQuery.swift */; };
		C4F162A1223948FC002C7D93 /* PosterQueryManager.swift in Sources */ = {isa = PBXBuildFile; fileRef = C4F1629122394895002C7D93 /* PosterQueryManager.swift */; };
		C4F162A322394A4A002C7D93 /* SwipeQuery.swift in Sources */ = {isa = PBXBuildFile; fileRef = C4F162A222394A4A002C7D93 /* SwipeQuery.swift */; };
		C4F162A522394AC9002C7D93 /* IndividualMovieQuery.swift in Sources */ = {isa = PBXBuildFile; fileRef = C4F162A422394AC9002C7D93 /* IndividualMovieQuery.swift */; };
		C4F162A722394C2E002C7D93 /* SessionData.swift in Sources */ = {isa = PBXBuildFile; fileRef = C4F162A622394C2E002C7D93 /* SessionData.swift */; };
		C4F162AA22394FB5002C7D93 /* Colors.swift in Sources */ = {isa = PBXBuildFile; fileRef = C4F162A822394FB4002C7D93 /* Colors.swift */; };
		C4F162AB22394FB5002C7D93 /* Fonts.swift in Sources */ = {isa = PBXBuildFile; fileRef = C4F162A922394FB5002C7D93 /* Fonts.swift */; };
		C4F162B622397E7D002C7D93 /* Selector.swift in Sources */ = {isa = PBXBuildFile; fileRef = C4F162B322397E7D002C7D93 /* Selector.swift */; };
		C4F162B722397E7D002C7D93 /* SearchBar.swift in Sources */ = {isa = PBXBuildFile; fileRef = C4F162B422397E7D002C7D93 /* SearchBar.swift */; };
		C4F162C422397FD2002C7D93 /* CustomTableView.swift in Sources */ = {isa = PBXBuildFile; fileRef = C4F162C222397FB6002C7D93 /* CustomTableView.swift */; };
		C4F162C522397FD4002C7D93 /* CustomTableViewCell.swift in Sources */ = {isa = PBXBuildFile; fileRef = C4F162C322397FB7002C7D93 /* CustomTableViewCell.swift */; };
		C4F162C72239801D002C7D93 /* ConvenienceFunctions.swift in Sources */ = {isa = PBXBuildFile; fileRef = C4F162C62239801D002C7D93 /* ConvenienceFunctions.swift */; };
		C4F162CC2239809E002C7D93 /* MovieListCell.swift in Sources */ = {isa = PBXBuildFile; fileRef = C4F162CA2239809E002C7D93 /* MovieListCell.swift */; };
		C4F162CE22398203002C7D93 /* CustomAlert.swift in Sources */ = {isa = PBXBuildFile; fileRef = C4F162CD22398203002C7D93 /* CustomAlert.swift */; };
		C4F162D02239834D002C7D93 /* QuartzCore.framework in Frameworks */ = {isa = PBXBuildFile; fileRef = C4F162CF2239834D002C7D93 /* QuartzCore.framework */; };
		C4F162D222398483002C7D93 /* LoadableImageView.swift in Sources */ = {isa = PBXBuildFile; fileRef = C4F162D122398482002C7D93 /* LoadableImageView.swift */; };
		C4F162D42239850A002C7D93 /* TrailerView.swift in Sources */ = {isa = PBXBuildFile; fileRef = C4F162D32239850A002C7D93 /* TrailerView.swift */; };
		C4F179FE223A992800BBE53D /* Nunito-Bold.ttf in Resources */ = {isa = PBXBuildFile; fileRef = C4F179FC223A991D00BBE53D /* Nunito-Bold.ttf */; };
		C4F179FF223A992800BBE53D /* Nunito-Italic.ttf in Resources */ = {isa = PBXBuildFile; fileRef = C4F179FB223A991D00BBE53D /* Nunito-Italic.ttf */; };
		C4F17A00223A992800BBE53D /* Nunito-Regular.ttf in Resources */ = {isa = PBXBuildFile; fileRef = C4F179FD223A991D00BBE53D /* Nunito-Regular.ttf */; };
		C4F17A01223A992800BBE53D /* Nunito-SemiBold.ttf in Resources */ = {isa = PBXBuildFile; fileRef = C4F179FA223A991C00BBE53D /* Nunito-SemiBold.ttf */; };
		C4F17A04223A9CCF00BBE53D /* MovieListCell.xib in Resources */ = {isa = PBXBuildFile; fileRef = C4F162C92239809E002C7D93 /* MovieListCell.xib */; };
/* End PBXBuildFile section */

/* Begin PBXFileReference section */
		3C207FBE4984D99CD0864F18 /* Pods-FilmRoulette.release.xcconfig */ = {isa = PBXFileReference; includeInIndex = 1; lastKnownFileType = text.xcconfig; name = "Pods-FilmRoulette.release.xcconfig"; path = "Pods/Target Support Files/Pods-FilmRoulette/Pods-FilmRoulette.release.xcconfig"; sourceTree = "<group>"; };
		BF60996534AFAFD33FF18BAA /* Pods_FilmRoulette.framework */ = {isa = PBXFileReference; explicitFileType = wrapper.framework; includeInIndex = 0; path = Pods_FilmRoulette.framework; sourceTree = BUILT_PRODUCTS_DIR; };
		C407DF7C20F39C7600213A37 /* FilmRoulette.app */ = {isa = PBXFileReference; explicitFileType = wrapper.application; includeInIndex = 0; path = FilmRoulette.app; sourceTree = BUILT_PRODUCTS_DIR; };
		C407DF7F20F39C7700213A37 /* AppDelegate.swift */ = {isa = PBXFileReference; lastKnownFileType = sourcecode.swift; path = AppDelegate.swift; sourceTree = "<group>"; };
		C407DF8120F39C7700213A37 /* SpinVC.swift */ = {isa = PBXFileReference; lastKnownFileType = sourcecode.swift; path = SpinVC.swift; sourceTree = "<group>"; };
		C407DF8420F39C7700213A37 /* Base */ = {isa = PBXFileReference; lastKnownFileType = file.storyboard; name = Base; path = Base.lproj/Main.storyboard; sourceTree = "<group>"; };
		C407DF8620F39C7800213A37 /* Assets.xcassets */ = {isa = PBXFileReference; lastKnownFileType = folder.assetcatalog; path = Assets.xcassets; sourceTree = "<group>"; };
		C407DF8920F39C7800213A37 /* Base */ = {isa = PBXFileReference; lastKnownFileType = file.storyboard; name = Base; path = Base.lproj/LaunchScreen.storyboard; sourceTree = "<group>"; };
		C407DF8B20F39C7800213A37 /* Info.plist */ = {isa = PBXFileReference; lastKnownFileType = text.plist.xml; path = Info.plist; sourceTree = "<group>"; };
		C409D61F224CEB9E002138F0 /* GroupCell.swift */ = {isa = PBXFileReference; lastKnownFileType = sourcecode.swift; path = GroupCell.swift; sourceTree = "<group>"; };
		C409D620224CEB9E002138F0 /* GroupCell.xib */ = {isa = PBXFileReference; lastKnownFileType = file.xib; path = GroupCell.xib; sourceTree = "<group>"; };
		C412B047223BFE4000E363E3 /* SelectorIcons.swift */ = {isa = PBXFileReference; lastKnownFileType = sourcecode.swift; path = SelectorIcons.swift; sourceTree = "<group>"; };
		C412B049223C044400E363E3 /* Images.swift */ = {isa = PBXFileReference; lastKnownFileType = sourcecode.swift; path = Images.swift; sourceTree = "<group>"; };
		C41FF91622477CE300EE1A3C /* ModalVC.swift */ = {isa = PBXFileReference; lastKnownFileType = sourcecode.swift; path = ModalVC.swift; sourceTree = "<group>"; };
		C44C34902223229000E654AC /* Spinner.swift */ = {isa = PBXFileReference; lastKnownFileType = sourcecode.swift; path = Spinner.swift; sourceTree = "<group>"; };
		C450C9D2210473E900FDE9EB /* Group.swift */ = {isa = PBXFileReference; lastKnownFileType = sourcecode.swift; path = Group.swift; sourceTree = "<group>"; };
		C450C9D421047E8400FDE9EB /* GroupVC.swift */ = {isa = PBXFileReference; lastKnownFileType = sourcecode.swift; path = GroupVC.swift; sourceTree = "<group>"; };
		C450C9D821047F8600FDE9EB /* TableVC.swift */ = {isa = PBXFileReference; lastKnownFileType = sourcecode.swift; name = TableVC.swift; path = "/Users/aird/Dropbox/Xcode Projects/FilmRoulette/FilmRoulette/Controllers/TableVC.swift"; sourceTree = "<absolute>"; };
		C4595A6C20F3AF0500446C4B /* NavContainer.swift */ = {isa = PBXFileReference; lastKnownFileType = sourcecode.swift; path = NavContainer.swift; sourceTree = "<group>"; };
		C4595A6E20F3AF0A00446C4B /* NavSubview.swift */ = {isa = PBXFileReference; lastKnownFileType = sourcecode.swift; path = NavSubview.swift; sourceTree = "<group>"; };
		C47ADFDA20F62A97008F79C5 /* FilmRoulette.entitlements */ = {isa = PBXFileReference; lastKnownFileType = text.plist.entitlements; path = FilmRoulette.entitlements; sourceTree = "<group>"; };
		C482938920FE256E00E7BECF /* MovieListVC.swift */ = {isa = PBXFileReference; lastKnownFileType = sourcecode.swift; path = MovieListVC.swift; sourceTree = "<group>"; };
		C4971D7720F3B41700F30BAF /* DataManager.swift */ = {isa = PBXFileReference; lastKnownFileType = sourcecode.swift; path = DataManager.swift; sourceTree = "<group>"; };
		C4971D7820F3B41700F30BAF /* Movie.swift */ = {isa = PBXFileReference; lastKnownFileType = sourcecode.swift; path = Movie.swift; sourceTree = "<group>"; };
		C4971D7C20F3B48700F30BAF /* Enums.swift */ = {isa = PBXFileReference; lastKnownFileType = sourcecode.swift; path = Enums.swift; sourceTree = "<group>"; };
		C4971D7D20F3B48700F30BAF /* Extensions.swift */ = {isa = PBXFileReference; lastKnownFileType = sourcecode.swift; path = Extensions.swift; sourceTree = "<group>"; };
		C4971D7E20F3B48700F30BAF /* Global Variables.swift */ = {isa = PBXFileReference; lastKnownFileType = sourcecode.swift; path = "Global Variables.swift"; sourceTree = "<group>"; };
		C4971D7F20F3B48700F30BAF /* Prefs.swift */ = {isa = PBXFileReference; lastKnownFileType = sourcecode.swift; path = Prefs.swift; sourceTree = "<group>"; };
		C4990AEE22392CDC00950165 /* SingleMovieVC.swift */ = {isa = PBXFileReference; lastKnownFileType = sourcecode.swift; path = SingleMovieVC.swift; sourceTree = "<group>"; };
		C4990AEF22392CDD00950165 /* SearchVC.swift */ = {isa = PBXFileReference; lastKnownFileType = sourcecode.swift; path = SearchVC.swift; sourceTree = "<group>"; };
		C49D56AA2102257A00CAADF2 /* BasicSF.swift */ = {isa = PBXFileReference; lastKnownFileType = sourcecode.swift; path = BasicSF.swift; sourceTree = "<group>"; };
		C4AC67F420F7AE6400F91621 /* Genre.swift */ = {isa = PBXFileReference; lastKnownFileType = sourcecode.swift; path = Genre.swift; sourceTree = "<group>"; };
		C4BC7F37223E972300971570 /* SpinFilterContainer.swift */ = {isa = PBXFileReference; lastKnownFileType = sourcecode.swift; path = SpinFilterContainer.swift; sourceTree = "<group>"; };
		C4BC7F39223E974D00971570 /* SpinFilterSubview.swift */ = {isa = PBXFileReference; lastKnownFileType = sourcecode.swift; path = SpinFilterSubview.swift; sourceTree = "<group>"; };
		C4BC7F3C223E97E900971570 /* AdvancedSF.swift */ = {isa = PBXFileReference; lastKnownFileType = sourcecode.swift; path = AdvancedSF.swift; sourceTree = "<group>"; };
		C4BC7F3E223FAF6B00971570 /* Filter.swift */ = {isa = PBXFileReference; lastKnownFileType = sourcecode.swift; path = Filter.swift; sourceTree = "<group>"; };
		C4BC7F40224004E700971570 /* FilterCandidateCell.swift */ = {isa = PBXFileReference; lastKnownFileType = sourcecode.swift; path = FilterCandidateCell.swift; sourceTree = "<group>"; };
		C4C05EEC22489A4800DAEA5E /* DropboxManager.swift */ = {isa = PBXFileReference; lastKnownFileType = sourcecode.swift; path = DropboxManager.swift; sourceTree = "<group>"; };
		C4C05EEF2248C18D00DAEA5E /* JSONHandler.swift */ = {isa = PBXFileReference; lastKnownFileType = sourcecode.swift; path = JSONHandler.swift; sourceTree = "<group>"; };
		C4DB46E820F4E9D0009EC359 /* Tag.swift */ = {isa = PBXFileReference; lastKnownFileType = sourcecode.swift; path = Tag.swift; sourceTree = "<group>"; };
		C4E438C120FB6482007C5D68 /* PosterCell.swift */ = {isa = PBXFileReference; lastKnownFileType = sourcecode.swift; path = PosterCell.swift; sourceTree = "<group>"; };
		C4F1628C22394895002C7D93 /* QueryManager.swift */ = {isa = PBXFileReference; lastKnownFileType = sourcecode.swift; path = QueryManager.swift; sourceTree = "<group>"; };
		C4F1628E22394895002C7D93 /* PosterQuery.swift */ = {isa = PBXFileReference; lastKnownFileType = sourcecode.swift; path = PosterQuery.swift; sourceTree = "<group>"; };
		C4F1628F22394895002C7D93 /* SearchQuery.swift */ = {isa = PBXFileReference; lastKnownFileType = sourcecode.swift; path = SearchQuery.swift; sourceTree = "<group>"; };
		C4F1629122394895002C7D93 /* PosterQueryManager.swift */ = {isa = PBXFileReference; lastKnownFileType = sourcecode.swift; path = PosterQueryManager.swift; sourceTree = "<group>"; };
		C4F162A222394A4A002C7D93 /* SwipeQuery.swift */ = {isa = PBXFileReference; lastKnownFileType = sourcecode.swift; path = SwipeQuery.swift; sourceTree = "<group>"; };
		C4F162A422394AC9002C7D93 /* IndividualMovieQuery.swift */ = {isa = PBXFileReference; lastKnownFileType = sourcecode.swift; path = IndividualMovieQuery.swift; sourceTree = "<group>"; };
		C4F162A622394C2E002C7D93 /* SessionData.swift */ = {isa = PBXFileReference; lastKnownFileType = sourcecode.swift; path = SessionData.swift; sourceTree = "<group>"; };
		C4F162A822394FB4002C7D93 /* Colors.swift */ = {isa = PBXFileReference; lastKnownFileType = sourcecode.swift; path = Colors.swift; sourceTree = "<group>"; };
		C4F162A922394FB5002C7D93 /* Fonts.swift */ = {isa = PBXFileReference; lastKnownFileType = sourcecode.swift; path = Fonts.swift; sourceTree = "<group>"; };
		C4F162B322397E7D002C7D93 /* Selector.swift */ = {isa = PBXFileReference; lastKnownFileType = sourcecode.swift; path = Selector.swift; sourceTree = "<group>"; };
		C4F162B422397E7D002C7D93 /* SearchBar.swift */ = {isa = PBXFileReference; lastKnownFileType = sourcecode.swift; path = SearchBar.swift; sourceTree = "<group>"; };
		C4F162C222397FB6002C7D93 /* CustomTableView.swift */ = {isa = PBXFileReference; lastKnownFileType = sourcecode.swift; path = CustomTableView.swift; sourceTree = "<group>"; };
		C4F162C322397FB7002C7D93 /* CustomTableViewCell.swift */ = {isa = PBXFileReference; lastKnownFileType = sourcecode.swift; path = CustomTableViewCell.swift; sourceTree = "<group>"; };
		C4F162C62239801D002C7D93 /* ConvenienceFunctions.swift */ = {isa = PBXFileReference; lastKnownFileType = sourcecode.swift; path = ConvenienceFunctions.swift; sourceTree = "<group>"; };
		C4F162C92239809E002C7D93 /* MovieListCell.xib */ = {isa = PBXFileReference; lastKnownFileType = file.xib; path = MovieListCell.xib; sourceTree = "<group>"; };
		C4F162CA2239809E002C7D93 /* MovieListCell.swift */ = {isa = PBXFileReference; lastKnownFileType = sourcecode.swift; path = MovieListCell.swift; sourceTree = "<group>"; };
		C4F162CB2239809E002C7D93 /* MovieListCellNoButton.xib */ = {isa = PBXFileReference; lastKnownFileType = file.xib; path = MovieListCellNoButton.xib; sourceTree = "<group>"; };
		C4F162CD22398203002C7D93 /* CustomAlert.swift */ = {isa = PBXFileReference; lastKnownFileType = sourcecode.swift; path = CustomAlert.swift; sourceTree = "<group>"; };
		C4F162CF2239834D002C7D93 /* QuartzCore.framework */ = {isa = PBXFileReference; lastKnownFileType = wrapper.framework; name = QuartzCore.framework; path = System/Library/Frameworks/QuartzCore.framework; sourceTree = SDKROOT; };
		C4F162D122398482002C7D93 /* LoadableImageView.swift */ = {isa = PBXFileReference; lastKnownFileType = sourcecode.swift; path = LoadableImageView.swift; sourceTree = "<group>"; };
		C4F162D32239850A002C7D93 /* TrailerView.swift */ = {isa = PBXFileReference; lastKnownFileType = sourcecode.swift; path = TrailerView.swift; sourceTree = "<group>"; };
		C4F179FA223A991C00BBE53D /* Nunito-SemiBold.ttf */ = {isa = PBXFileReference; lastKnownFileType = file; path = "Nunito-SemiBold.ttf"; sourceTree = "<group>"; };
		C4F179FB223A991D00BBE53D /* Nunito-Italic.ttf */ = {isa = PBXFileReference; lastKnownFileType = file; path = "Nunito-Italic.ttf"; sourceTree = "<group>"; };
		C4F179FC223A991D00BBE53D /* Nunito-Bold.ttf */ = {isa = PBXFileReference; lastKnownFileType = file; path = "Nunito-Bold.ttf"; sourceTree = "<group>"; };
		C4F179FD223A991D00BBE53D /* Nunito-Regular.ttf */ = {isa = PBXFileReference; lastKnownFileType = file; path = "Nunito-Regular.ttf"; sourceTree = "<group>"; };
		E62BB917ACEE54FB74B7B1DC /* Pods-FilmRoulette.debug.xcconfig */ = {isa = PBXFileReference; includeInIndex = 1; lastKnownFileType = text.xcconfig; name = "Pods-FilmRoulette.debug.xcconfig"; path = "Pods/Target Support Files/Pods-FilmRoulette/Pods-FilmRoulette.debug.xcconfig"; sourceTree = "<group>"; };
/* End PBXFileReference section */

/* Begin PBXFrameworksBuildPhase section */
		C407DF7920F39C7600213A37 /* Frameworks */ = {
			isa = PBXFrameworksBuildPhase;
			buildActionMask = 2147483647;
			files = (
				C4F162D02239834D002C7D93 /* QuartzCore.framework in Frameworks */,
				A51438822C0393B5AFFFAB6F /* Pods_FilmRoulette.framework in Frameworks */,
			);
			runOnlyForDeploymentPostprocessing = 0;
		};
/* End PBXFrameworksBuildPhase section */

/* Begin PBXGroup section */
		00E656B9FAE2E1075C31E63E /* Pods */ = {
			isa = PBXGroup;
			children = (
				E62BB917ACEE54FB74B7B1DC /* Pods-FilmRoulette.debug.xcconfig */,
				3C207FBE4984D99CD0864F18 /* Pods-FilmRoulette.release.xcconfig */,
			);
			name = Pods;
			sourceTree = "<group>";
		};
		B452A3D4C5624393E3EA6415 /* Frameworks */ = {
			isa = PBXGroup;
			children = (
				C4F162CF2239834D002C7D93 /* QuartzCore.framework */,
				BF60996534AFAFD33FF18BAA /* Pods_FilmRoulette.framework */,
			);
			name = Frameworks;
			sourceTree = "<group>";
		};
		C407DF7320F39C7600213A37 = {
			isa = PBXGroup;
			children = (
				C407DF7E20F39C7600213A37 /* FilmRoulette */,
				C407DF7D20F39C7600213A37 /* Products */,
				00E656B9FAE2E1075C31E63E /* Pods */,
				B452A3D4C5624393E3EA6415 /* Frameworks */,
			);
			sourceTree = "<group>";
		};
		C407DF7D20F39C7600213A37 /* Products */ = {
			isa = PBXGroup;
			children = (
				C407DF7C20F39C7600213A37 /* FilmRoulette.app */,
			);
			name = Products;
			sourceTree = "<group>";
		};
		C407DF7E20F39C7600213A37 /* FilmRoulette */ = {
			isa = PBXGroup;
			children = (
				C47ADFDA20F62A97008F79C5 /* FilmRoulette.entitlements */,
				C407DF7F20F39C7700213A37 /* AppDelegate.swift */,
				C4C05EEE22489A4C00DAEA5E /* Managers */,
				C4971D7B20F3B48700F30BAF /* Global Variables */,
				C4971D7620F3B41700F30BAF /* Data Model */,
				C4F1628922394895002C7D93 /* ApiQueries */,
				C4595A6B20F3AEE100446C4B /* Controllers */,
				C4F162B822397E88002C7D93 /* Components */,
				C4F179F9223A991000BBE53D /* Resources */,
				C4F162C122397F61002C7D93 /* Custom Views */,
				C407DF8320F39C7700213A37 /* Main.storyboard */,
				C4E438C120FB6482007C5D68 /* PosterCell.swift */,
				C407DF8620F39C7800213A37 /* Assets.xcassets */,
				C407DF8820F39C7800213A37 /* LaunchScreen.storyboard */,
				C407DF8B20F39C7800213A37 /* Info.plist */,
			);
			path = FilmRoulette;
			sourceTree = "<group>";
		};
		C4595A6B20F3AEE100446C4B /* Controllers */ = {
			isa = PBXGroup;
			children = (
				C4595A6C20F3AF0500446C4B /* NavContainer.swift */,
				C4595A6E20F3AF0A00446C4B /* NavSubview.swift */,
				C407DF8120F39C7700213A37 /* SpinVC.swift */,
				C41FF91622477CE300EE1A3C /* ModalVC.swift */,
				C482938920FE256E00E7BECF /* MovieListVC.swift */,
				C4BC7F3B223E975800971570 /* SpinFilter */,
				C450C9D421047E8400FDE9EB /* GroupVC.swift */,
				C450C9D821047F8600FDE9EB /* TableVC.swift */,
				C4990AEF22392CDD00950165 /* SearchVC.swift */,
				C4990AEE22392CDC00950165 /* SingleMovieVC.swift */,
			);
			path = Controllers;
			sourceTree = "<group>";
		};
		C4971D7620F3B41700F30BAF /* Data Model */ = {
			isa = PBXGroup;
			children = (
				C4971D7720F3B41700F30BAF /* DataManager.swift */,
				C4971D7820F3B41700F30BAF /* Movie.swift */,
				C4BC7F3E223FAF6B00971570 /* Filter.swift */,
				C4DB46E820F4E9D0009EC359 /* Tag.swift */,
				C450C9D2210473E900FDE9EB /* Group.swift */,
				C4AC67F420F7AE6400F91621 /* Genre.swift */,
			);
			path = "Data Model";
			sourceTree = "<group>";
		};
		C4971D7B20F3B48700F30BAF /* Global Variables */ = {
			isa = PBXGroup;
			children = (
				C4F162C62239801D002C7D93 /* ConvenienceFunctions.swift */,
				C4971D7C20F3B48700F30BAF /* Enums.swift */,
				C4971D7D20F3B48700F30BAF /* Extensions.swift */,
				C4971D7E20F3B48700F30BAF /* Global Variables.swift */,
				C4F162A622394C2E002C7D93 /* SessionData.swift */,
				C4971D7F20F3B48700F30BAF /* Prefs.swift */,
				C4F162A822394FB4002C7D93 /* Colors.swift */,
				C4F162A922394FB5002C7D93 /* Fonts.swift */,
				C412B049223C044400E363E3 /* Images.swift */,
				C4F162CD22398203002C7D93 /* CustomAlert.swift */,
			);
			path = "Global Variables";
			sourceTree = "<group>";
		};
		C4BC7F3B223E975800971570 /* SpinFilter */ = {
			isa = PBXGroup;
			children = (
				C4BC7F37223E972300971570 /* SpinFilterContainer.swift */,
				C4BC7F39223E974D00971570 /* SpinFilterSubview.swift */,
				C49D56AA2102257A00CAADF2 /* BasicSF.swift */,
				C4BC7F3C223E97E900971570 /* AdvancedSF.swift */,
			);
			path = SpinFilter;
			sourceTree = "<group>";
		};
		C4C05EEE22489A4C00DAEA5E /* Managers */ = {
			isa = PBXGroup;
			children = (
				C4C05EEC22489A4800DAEA5E /* DropboxManager.swift */,
				C4C05EEF2248C18D00DAEA5E /* JSONHandler.swift */,
			);
			path = Managers;
			sourceTree = "<group>";
		};
		C4F1628922394895002C7D93 /* ApiQueries */ = {
			isa = PBXGroup;
			children = (
				C4F1628C22394895002C7D93 /* QueryManager.swift */,
				C4F162A222394A4A002C7D93 /* SwipeQuery.swift */,
				C4F1628E22394895002C7D93 /* PosterQuery.swift */,
				C4F1628F22394895002C7D93 /* SearchQuery.swift */,
				C4F162A422394AC9002C7D93 /* IndividualMovieQuery.swift */,
				C4F1629122394895002C7D93 /* PosterQueryManager.swift */,
			);
			path = ApiQueries;
			sourceTree = "<group>";
		};
		C4F162B822397E88002C7D93 /* Components */ = {
			isa = PBXGroup;
			children = (
				C44C34902223229000E654AC /* Spinner.swift */,
				C4F162B422397E7D002C7D93 /* SearchBar.swift */,
				C4F162B322397E7D002C7D93 /* Selector.swift */,
				C4F162D122398482002C7D93 /* LoadableImageView.swift */,
				C412B047223BFE4000E363E3 /* SelectorIcons.swift */,
			);
			path = Components;
			sourceTree = "<group>";
		};
		C4F162C122397F61002C7D93 /* Custom Views */ = {
			isa = PBXGroup;
			children = (
				C4F162CA2239809E002C7D93 /* MovieListCell.swift */,
				C409D61F224CEB9E002138F0 /* GroupCell.swift */,
				C409D620224CEB9E002138F0 /* GroupCell.xib */,
				C4F162C92239809E002C7D93 /* MovieListCell.xib */,
				C4BC7F40224004E700971570 /* FilterCandidateCell.swift */,
				C4F162D32239850A002C7D93 /* TrailerView.swift */,
				C4F162CB2239809E002C7D93 /* MovieListCellNoButton.xib */,
				C4F162C222397FB6002C7D93 /* CustomTableView.swift */,
				C4F162C322397FB7002C7D93 /* CustomTableViewCell.swift */,
			);
			path = "Custom Views";
			sourceTree = "<group>";
		};
		C4F179F9223A991000BBE53D /* Resources */ = {
			isa = PBXGroup;
			children = (
				C4F179FC223A991D00BBE53D /* Nunito-Bold.ttf */,
				C4F179FB223A991D00BBE53D /* Nunito-Italic.ttf */,
				C4F179FD223A991D00BBE53D /* Nunito-Regular.ttf */,
				C4F179FA223A991C00BBE53D /* Nunito-SemiBold.ttf */,
			);
			path = Resources;
			sourceTree = "<group>";
		};
/* End PBXGroup section */

/* Begin PBXNativeTarget section */
		C407DF7B20F39C7600213A37 /* FilmRoulette */ = {
			isa = PBXNativeTarget;
			buildConfigurationList = C407DF8E20F39C7800213A37 /* Build configuration list for PBXNativeTarget "FilmRoulette" */;
			buildPhases = (
				074E3EA4978645A54C35EDE8 /* [CP] Check Pods Manifest.lock */,
				C407DF7820F39C7600213A37 /* Sources */,
				C407DF7920F39C7600213A37 /* Frameworks */,
				C407DF7A20F39C7600213A37 /* Resources */,
				428664953BF1FE657C140267 /* [CP] Embed Pods Frameworks */,
			);
			buildRules = (
			);
			dependencies = (
			);
			name = FilmRoulette;
			productName = FilmRoulette;
			productReference = C407DF7C20F39C7600213A37 /* FilmRoulette.app */;
			productType = "com.apple.product-type.application";
		};
/* End PBXNativeTarget section */

/* Begin PBXProject section */
		C407DF7420F39C7600213A37 /* Project object */ = {
			isa = PBXProject;
			attributes = {
				LastSwiftUpdateCheck = 0940;
				LastUpgradeCheck = 0940;
				ORGANIZATIONNAME = "Dylan Southard";
				TargetAttributes = {
					C407DF7B20F39C7600213A37 = {
						CreatedOnToolsVersion = 9.4.1;
						SystemCapabilities = {
							com.apple.ApplicationGroups.iOS = {
								enabled = 1;
							};
						};
					};
				};
			};
			buildConfigurationList = C407DF7720F39C7600213A37 /* Build configuration list for PBXProject "FilmRoulette" */;
			compatibilityVersion = "Xcode 9.3";
			developmentRegion = en;
			hasScannedForEncodings = 0;
			knownRegions = (
				en,
				Base,
			);
			mainGroup = C407DF7320F39C7600213A37;
			productRefGroup = C407DF7D20F39C7600213A37 /* Products */;
			projectDirPath = "";
			projectRoot = "";
			targets = (
				C407DF7B20F39C7600213A37 /* FilmRoulette */,
			);
		};
/* End PBXProject section */

/* Begin PBXResourcesBuildPhase section */
		C407DF7A20F39C7600213A37 /* Resources */ = {
			isa = PBXResourcesBuildPhase;
			buildActionMask = 2147483647;
			files = (
				C4F17A01223A992800BBE53D /* Nunito-SemiBold.ttf in Resources */,
				C409D622224CEB9E002138F0 /* GroupCell.xib in Resources */,
				C4F17A00223A992800BBE53D /* Nunito-Regular.ttf in Resources */,
				C407DF8A20F39C7800213A37 /* LaunchScreen.storyboard in Resources */,
				C4F179FF223A992800BBE53D /* Nunito-Italic.ttf in Resources */,
				C407DF8720F39C7800213A37 /* Assets.xcassets in Resources */,
				C4F179FE223A992800BBE53D /* Nunito-Bold.ttf in Resources */,
				C4F17A04223A9CCF00BBE53D /* MovieListCell.xib in Resources */,
				C407DF8520F39C7700213A37 /* Main.storyboard in Resources */,
			);
			runOnlyForDeploymentPostprocessing = 0;
		};
/* End PBXResourcesBuildPhase section */

/* Begin PBXShellScriptBuildPhase section */
		074E3EA4978645A54C35EDE8 /* [CP] Check Pods Manifest.lock */ = {
			isa = PBXShellScriptBuildPhase;
			buildActionMask = 2147483647;
			files = (
			);
			inputPaths = (
				"${PODS_PODFILE_DIR_PATH}/Podfile.lock",
				"${PODS_ROOT}/Manifest.lock",
			);
			name = "[CP] Check Pods Manifest.lock";
			outputPaths = (
				"$(DERIVED_FILE_DIR)/Pods-FilmRoulette-checkManifestLockResult.txt",
			);
			runOnlyForDeploymentPostprocessing = 0;
			shellPath = /bin/sh;
			shellScript = "diff \"${PODS_PODFILE_DIR_PATH}/Podfile.lock\" \"${PODS_ROOT}/Manifest.lock\" > /dev/null\nif [ $? != 0 ] ; then\n    # print error to STDERR\n    echo \"error: The sandbox is not in sync with the Podfile.lock. Run 'pod install' or update your CocoaPods installation.\" >&2\n    exit 1\nfi\n# This output is used by Xcode 'outputs' to avoid re-running this script phase.\necho \"SUCCESS\" > \"${SCRIPT_OUTPUT_FILE_0}\"\n";
			showEnvVarsInLog = 0;
		};
		428664953BF1FE657C140267 /* [CP] Embed Pods Frameworks */ = {
			isa = PBXShellScriptBuildPhase;
			buildActionMask = 2147483647;
			files = (
			);
			inputPaths = (
				"${PODS_ROOT}/Target Support Files/Pods-FilmRoulette/Pods-FilmRoulette-frameworks.sh",
				"${BUILT_PRODUCTS_DIR}/Alamofire/Alamofire.framework",
				"${BUILT_PRODUCTS_DIR}/Gemini/Gemini.framework",
				"${BUILT_PRODUCTS_DIR}/Realm/Realm.framework",
				"${BUILT_PRODUCTS_DIR}/RealmSwift/RealmSwift.framework",
				"${BUILT_PRODUCTS_DIR}/SwiftyDropbox/SwiftyDropbox.framework",
				"${BUILT_PRODUCTS_DIR}/SwiftyJSON/SwiftyJSON.framework",
				"${BUILT_PRODUCTS_DIR}/SwipeCellKit/SwipeCellKit.framework",
				"${BUILT_PRODUCTS_DIR}/TagListView/TagListView.framework",
				"${BUILT_PRODUCTS_DIR}/Toast-Swift/Toast_Swift.framework",
			);
			name = "[CP] Embed Pods Frameworks";
			outputPaths = (
				"${TARGET_BUILD_DIR}/${FRAMEWORKS_FOLDER_PATH}/Alamofire.framework",
				"${TARGET_BUILD_DIR}/${FRAMEWORKS_FOLDER_PATH}/Gemini.framework",
				"${TARGET_BUILD_DIR}/${FRAMEWORKS_FOLDER_PATH}/Realm.framework",
				"${TARGET_BUILD_DIR}/${FRAMEWORKS_FOLDER_PATH}/RealmSwift.framework",
				"${TARGET_BUILD_DIR}/${FRAMEWORKS_FOLDER_PATH}/SwiftyDropbox.framework",
				"${TARGET_BUILD_DIR}/${FRAMEWORKS_FOLDER_PATH}/SwiftyJSON.framework",
				"${TARGET_BUILD_DIR}/${FRAMEWORKS_FOLDER_PATH}/SwipeCellKit.framework",
				"${TARGET_BUILD_DIR}/${FRAMEWORKS_FOLDER_PATH}/TagListView.framework",
				"${TARGET_BUILD_DIR}/${FRAMEWORKS_FOLDER_PATH}/Toast_Swift.framework",
			);
			runOnlyForDeploymentPostprocessing = 0;
			shellPath = /bin/sh;
			shellScript = "\"${PODS_ROOT}/Target Support Files/Pods-FilmRoulette/Pods-FilmRoulette-frameworks.sh\"\n";
			showEnvVarsInLog = 0;
		};
/* End PBXShellScriptBuildPhase section */

/* Begin PBXSourcesBuildPhase section */
		C407DF7820F39C7600213A37 /* Sources */ = {
			isa = PBXSourcesBuildPhase;
			buildActionMask = 2147483647;
			files = (
				C4971D8020F3B4A800F30BAF /* Prefs.swift in Sources */,
				C4BC7F38223E972300971570 /* SpinFilterContainer.swift in Sources */,
				C4971D8220F3B4AC00F30BAF /* Extensions.swift in Sources */,
				C4F162A722394C2E002C7D93 /* SessionData.swift in Sources */,
				C4AC67F520F7AE6500F91621 /* Genre.swift in Sources */,
				C4F162CC2239809E002C7D93 /* MovieListCell.swift in Sources */,
				C4F162A1223948FC002C7D93 /* PosterQueryManager.swift in Sources */,
				C407DF8220F39C7700213A37 /* SpinVC.swift in Sources */,
				C4C05EED22489A4800DAEA5E /* DropboxManager.swift in Sources */,
				C4971D7A20F3B42900F30BAF /* DataManager.swift in Sources */,
				C4F162D42239850A002C7D93 /* TrailerView.swift in Sources */,
				C4E438C220FB6482007C5D68 /* PosterCell.swift in Sources */,
				C4990AF122392CDD00950165 /* SearchVC.swift in Sources */,
				C4F1629F223948FC002C7D93 /* SearchQuery.swift in Sources */,
				C4F162B622397E7D002C7D93 /* Selector.swift in Sources */,
				C4595A6F20F3AF0A00446C4B /* NavSubview.swift in Sources */,
				C4BC7F3A223E974D00971570 /* SpinFilterSubview.swift in Sources */,
				C4BC7F3F223FAF6B00971570 /* Filter.swift in Sources */,
				C44C34912223229000E654AC /* Spinner.swift in Sources */,
				C450C9D3210473E900FDE9EB /* Group.swift in Sources */,
				C450C9D521047E8400FDE9EB /* GroupVC.swift in Sources */,
				C482938A20FE256E00E7BECF /* MovieListVC.swift in Sources */,
				C4F1629E223948FC002C7D93 /* PosterQuery.swift in Sources */,
				C412B048223BFE4000E363E3 /* SelectorIcons.swift in Sources */,
				C4F162AB22394FB5002C7D93 /* Fonts.swift in Sources */,
				C4F162A322394A4A002C7D93 /* SwipeQuery.swift in Sources */,
				C4F1629C223948FC002C7D93 /* QueryManager.swift in Sources */,
				C4F162B722397E7D002C7D93 /* SearchBar.swift in Sources */,
				C407DF8020F39C7700213A37 /* AppDelegate.swift in Sources */,
				C4DB46E920F4E9D0009EC359 /* Tag.swift in Sources */,
				C4BC7F3D223E97E900971570 /* AdvancedSF.swift in Sources */,
				C4F162AA22394FB5002C7D93 /* Colors.swift in Sources */,
				C4F162CE22398203002C7D93 /* CustomAlert.swift in Sources */,
				C4F162C422397FD2002C7D93 /* CustomTableView.swift in Sources */,
				C4990AF022392CDD00950165 /* SingleMovieVC.swift in Sources */,
				C409D621224CEB9E002138F0 /* GroupCell.swift in Sources */,
				C4595A6D20F3AF0500446C4B /* NavContainer.swift in Sources */,
				C4BC7F41224004E700971570 /* FilterCandidateCell.swift in Sources */,
				C412B04A223C044400E363E3 /* Images.swift in Sources */,
				C4F162C72239801D002C7D93 /* ConvenienceFunctions.swift in Sources */,
				C4971D8320F3B4AC00F30BAF /* Global Variables.swift in Sources */,
				C4971D8120F3B4AC00F30BAF /* Enums.swift in Sources */,
				C4C05EF02248C18D00DAEA5E /* JSONHandler.swift in Sources */,
				C450C9D921047F8600FDE9EB /* TableVC.swift in Sources */,
				C4F162A522394AC9002C7D93 /* IndividualMovieQuery.swift in Sources */,
				C4F162D222398483002C7D93 /* LoadableImageView.swift in Sources */,
				C41FF91722477CE300EE1A3C /* ModalVC.swift in Sources */,
				C4F162C522397FD4002C7D93 /* CustomTableViewCell.swift in Sources */,
				C4971D7920F3B42600F30BAF /* Movie.swift in Sources */,
				C49D56AB2102257A00CAADF2 /* BasicSF.swift in Sources */,
			);
			runOnlyForDeploymentPostprocessing = 0;
		};
/* End PBXSourcesBuildPhase section */

/* Begin PBXVariantGroup section */
		C407DF8320F39C7700213A37 /* Main.storyboard */ = {
			isa = PBXVariantGroup;
			children = (
				C407DF8420F39C7700213A37 /* Base */,
			);
			name = Main.storyboard;
			sourceTree = "<group>";
		};
		C407DF8820F39C7800213A37 /* LaunchScreen.storyboard */ = {
			isa = PBXVariantGroup;
			children = (
				C407DF8920F39C7800213A37 /* Base */,
			);
			name = LaunchScreen.storyboard;
			sourceTree = "<group>";
		};
/* End PBXVariantGroup section */

/* Begin XCBuildConfiguration section */
		C407DF8C20F39C7800213A37 /* Debug */ = {
			isa = XCBuildConfiguration;
			buildSettings = {
				ALWAYS_SEARCH_USER_PATHS = NO;
				CLANG_ANALYZER_NONNULL = YES;
				CLANG_ANALYZER_NUMBER_OBJECT_CONVERSION = YES_AGGRESSIVE;
				CLANG_CXX_LANGUAGE_STANDARD = "gnu++14";
				CLANG_CXX_LIBRARY = "libc++";
				CLANG_ENABLE_MODULES = YES;
				CLANG_ENABLE_OBJC_ARC = YES;
				CLANG_ENABLE_OBJC_WEAK = YES;
				CLANG_WARN_BLOCK_CAPTURE_AUTORELEASING = YES;
				CLANG_WARN_BOOL_CONVERSION = YES;
				CLANG_WARN_COMMA = YES;
				CLANG_WARN_CONSTANT_CONVERSION = YES;
				CLANG_WARN_DEPRECATED_OBJC_IMPLEMENTATIONS = YES;
				CLANG_WARN_DIRECT_OBJC_ISA_USAGE = YES_ERROR;
				CLANG_WARN_DOCUMENTATION_COMMENTS = YES;
				CLANG_WARN_EMPTY_BODY = YES;
				CLANG_WARN_ENUM_CONVERSION = YES;
				CLANG_WARN_INFINITE_RECURSION = YES;
				CLANG_WARN_INT_CONVERSION = YES;
				CLANG_WARN_NON_LITERAL_NULL_CONVERSION = YES;
				CLANG_WARN_OBJC_IMPLICIT_RETAIN_SELF = YES;
				CLANG_WARN_OBJC_LITERAL_CONVERSION = YES;
				CLANG_WARN_OBJC_ROOT_CLASS = YES_ERROR;
				CLANG_WARN_RANGE_LOOP_ANALYSIS = YES;
				CLANG_WARN_STRICT_PROTOTYPES = YES;
				CLANG_WARN_SUSPICIOUS_MOVE = YES;
				CLANG_WARN_UNGUARDED_AVAILABILITY = YES_AGGRESSIVE;
				CLANG_WARN_UNREACHABLE_CODE = YES;
				CLANG_WARN__DUPLICATE_METHOD_MATCH = YES;
				CODE_SIGN_IDENTITY = "iPhone Developer";
				COPY_PHASE_STRIP = NO;
				DEBUG_INFORMATION_FORMAT = dwarf;
				ENABLE_STRICT_OBJC_MSGSEND = YES;
				ENABLE_TESTABILITY = YES;
				GCC_C_LANGUAGE_STANDARD = gnu11;
				GCC_DYNAMIC_NO_PIC = NO;
				GCC_NO_COMMON_BLOCKS = YES;
				GCC_OPTIMIZATION_LEVEL = 0;
				GCC_PREPROCESSOR_DEFINITIONS = (
					"DEBUG=1",
					"$(inherited)",
				);
				GCC_WARN_64_TO_32_BIT_CONVERSION = YES;
				GCC_WARN_ABOUT_RETURN_TYPE = YES_ERROR;
				GCC_WARN_UNDECLARED_SELECTOR = YES;
				GCC_WARN_UNINITIALIZED_AUTOS = YES_AGGRESSIVE;
				GCC_WARN_UNUSED_FUNCTION = YES;
				GCC_WARN_UNUSED_VARIABLE = YES;
				IPHONEOS_DEPLOYMENT_TARGET = 11.4;
				MTL_ENABLE_DEBUG_INFO = YES;
				ONLY_ACTIVE_ARCH = YES;
				SDKROOT = iphoneos;
				SWIFT_ACTIVE_COMPILATION_CONDITIONS = DEBUG;
				SWIFT_OPTIMIZATION_LEVEL = "-Onone";
			};
			name = Debug;
		};
		C407DF8D20F39C7800213A37 /* Release */ = {
			isa = XCBuildConfiguration;
			buildSettings = {
				ALWAYS_SEARCH_USER_PATHS = NO;
				CLANG_ANALYZER_NONNULL = YES;
				CLANG_ANALYZER_NUMBER_OBJECT_CONVERSION = YES_AGGRESSIVE;
				CLANG_CXX_LANGUAGE_STANDARD = "gnu++14";
				CLANG_CXX_LIBRARY = "libc++";
				CLANG_ENABLE_MODULES = YES;
				CLANG_ENABLE_OBJC_ARC = YES;
				CLANG_ENABLE_OBJC_WEAK = YES;
				CLANG_WARN_BLOCK_CAPTURE_AUTORELEASING = YES;
				CLANG_WARN_BOOL_CONVERSION = YES;
				CLANG_WARN_COMMA = YES;
				CLANG_WARN_CONSTANT_CONVERSION = YES;
				CLANG_WARN_DEPRECATED_OBJC_IMPLEMENTATIONS = YES;
				CLANG_WARN_DIRECT_OBJC_ISA_USAGE = YES_ERROR;
				CLANG_WARN_DOCUMENTATION_COMMENTS = YES;
				CLANG_WARN_EMPTY_BODY = YES;
				CLANG_WARN_ENUM_CONVERSION = YES;
				CLANG_WARN_INFINITE_RECURSION = YES;
				CLANG_WARN_INT_CONVERSION = YES;
				CLANG_WARN_NON_LITERAL_NULL_CONVERSION = YES;
				CLANG_WARN_OBJC_IMPLICIT_RETAIN_SELF = YES;
				CLANG_WARN_OBJC_LITERAL_CONVERSION = YES;
				CLANG_WARN_OBJC_ROOT_CLASS = YES_ERROR;
				CLANG_WARN_RANGE_LOOP_ANALYSIS = YES;
				CLANG_WARN_STRICT_PROTOTYPES = YES;
				CLANG_WARN_SUSPICIOUS_MOVE = YES;
				CLANG_WARN_UNGUARDED_AVAILABILITY = YES_AGGRESSIVE;
				CLANG_WARN_UNREACHABLE_CODE = YES;
				CLANG_WARN__DUPLICATE_METHOD_MATCH = YES;
				CODE_SIGN_IDENTITY = "iPhone Developer";
				COPY_PHASE_STRIP = NO;
				DEBUG_INFORMATION_FORMAT = "dwarf-with-dsym";
				ENABLE_NS_ASSERTIONS = NO;
				ENABLE_STRICT_OBJC_MSGSEND = YES;
				GCC_C_LANGUAGE_STANDARD = gnu11;
				GCC_NO_COMMON_BLOCKS = YES;
				GCC_WARN_64_TO_32_BIT_CONVERSION = YES;
				GCC_WARN_ABOUT_RETURN_TYPE = YES_ERROR;
				GCC_WARN_UNDECLARED_SELECTOR = YES;
				GCC_WARN_UNINITIALIZED_AUTOS = YES_AGGRESSIVE;
				GCC_WARN_UNUSED_FUNCTION = YES;
				GCC_WARN_UNUSED_VARIABLE = YES;
				IPHONEOS_DEPLOYMENT_TARGET = 11.4;
				MTL_ENABLE_DEBUG_INFO = NO;
				SDKROOT = iphoneos;
				SWIFT_COMPILATION_MODE = wholemodule;
				SWIFT_OPTIMIZATION_LEVEL = "-O";
				VALIDATE_PRODUCT = YES;
			};
			name = Release;
		};
		C407DF8F20F39C7800213A37 /* Debug */ = {
			isa = XCBuildConfiguration;
			baseConfigurationReference = E62BB917ACEE54FB74B7B1DC /* Pods-FilmRoulette.debug.xcconfig */;
			buildSettings = {
				ASSETCATALOG_COMPILER_APPICON_NAME = AppIcon;
				CODE_SIGN_ENTITLEMENTS = FilmRoulette/FilmRoulette.entitlements;
				CODE_SIGN_STYLE = Automatic;
				DEVELOPMENT_TEAM = 5X8KQU9JXV;
				INFOPLIST_FILE = FilmRoulette/Info.plist;
				LD_RUNPATH_SEARCH_PATHS = (
					"$(inherited)",
					"@executable_path/Frameworks",
				);
				PRODUCT_BUNDLE_IDENTIFIER = com.brokenkeyboard.MovieRoulette;
				PRODUCT_NAME = "$(TARGET_NAME)";
				SWIFT_VERSION = 4.0;
				TARGETED_DEVICE_FAMILY = "1,2";
			};
			name = Debug;
		};
		C407DF9020F39C7800213A37 /* Release */ = {
			isa = XCBuildConfiguration;
			baseConfigurationReference = 3C207FBE4984D99CD0864F18 /* Pods-FilmRoulette.release.xcconfig */;
			buildSettings = {
				ASSETCATALOG_COMPILER_APPICON_NAME = AppIcon;
				CODE_SIGN_ENTITLEMENTS = FilmRoulette/FilmRoulette.entitlements;
				CODE_SIGN_STYLE = Automatic;
				DEVELOPMENT_TEAM = 5X8KQU9JXV;
				INFOPLIST_FILE = FilmRoulette/Info.plist;
				LD_RUNPATH_SEARCH_PATHS = (
					"$(inherited)",
					"@executable_path/Frameworks",
				);
				PRODUCT_BUNDLE_IDENTIFIER = com.brokenkeyboard.MovieRoulette;
				PRODUCT_NAME = "$(TARGET_NAME)";
				SWIFT_VERSION = 4.0;
				TARGETED_DEVICE_FAMILY = "1,2";
			};
			name = Release;
		};
/* End XCBuildConfiguration section */

/* Begin XCConfigurationList section */
		C407DF7720F39C7600213A37 /* Build configuration list for PBXProject "FilmRoulette" */ = {
			isa = XCConfigurationList;
			buildConfigurations = (
				C407DF8C20F39C7800213A37 /* Debug */,
				C407DF8D20F39C7800213A37 /* Release */,
			);
			defaultConfigurationIsVisible = 0;
			defaultConfigurationName = Release;
		};
		C407DF8E20F39C7800213A37 /* Build configuration list for PBXNativeTarget "FilmRoulette" */ = {
			isa = XCConfigurationList;
			buildConfigurations = (
				C407DF8F20F39C7800213A37 /* Debug */,
				C407DF9020F39C7800213A37 /* Release */,
			);
			defaultConfigurationIsVisible = 0;
			defaultConfigurationName = Release;
		};
/* End XCConfigurationList section */
	};
	rootObject = C407DF7420F39C7600213A37 /* Project object */;
}
